
Microsoft Visual Studio Solution File, Format Version 12.00
# Visual Studio Version 16
VisualStudioVersion = 16.0.31112.23
MinimumVisualStudioVersion = 10.0.40219.1
Project("{FAE04EC0-301F-11D3-BF4B-00C04F79EFBC}") = "응소실팀플", "응소실팀플\응소실팀플.csproj", "{2181FE83-32D9-4264-9B1D-D5D4FBA8B877}"
EndProject
Global
	GlobalSection(SolutionConfigurationPlatforms) = preSolution
		Debug|Any CPU = Debug|Any CPU
		Release|Any CPU = Release|Any CPU
	EndGlobalSection
	GlobalSection(ProjectConfigurationPlatforms) = postSolution
		{2181FE83-32D9-4264-9B1D-D5D4FBA8B877}.Debug|Any CPU.ActiveCfg = Debug|Any CPU
		{2181FE83-32D9-4264-9B1D-D5D4FBA8B877}.Debug|Any CPU.Build.0 = Debug|Any CPU
		{2181FE83-32D9-4264-9B1D-D5D4FBA8B877}.Release|Any CPU.ActiveCfg = Release|Any CPU
		{2181FE83-32D9-4264-9B1D-D5D4FBA8B877}.Release|Any CPU.Build.0 = Release|Any CPU
	EndGlobalSection
	GlobalSection(SolutionProperties) = preSolution
		HideSolutionNode = FALSE
	EndGlobalSection
	GlobalSection(ExtensibilityGlobals) = postSolution
		SolutionGuid = {A92945B6-A94A-4A4F-A3EA-6E60933A814B}
	EndGlobalSection
EndGlobal
